
Microsoft Visual Studio Solution File, Format Version 10.00
# Visual Studio 2008
Project("{8BC9CEB8-8B4A-11D0-8D11-00A0C91BC942}") = "OutlookUI", "UI\build\OutlookPlugin.vcproj", "{5DC153AB-2BD2-4D12-A3C4-4C7578919237}"
EndProject
Project("{8BC9CEB8-8B4A-11D0-8D11-00A0C91BC942}") = "OutlookDLL", "mainclientDll\build\winmainclientdll.vcproj", "{7459AF2F-7B82-4153-B9E1-E4A71DC61821}"
	ProjectSection(ProjectDependencies) = postProject
		{D279EE74-36FB-4C4C-8F29-04947825C53E} = {D279EE74-36FB-4C4C-8F29-04947825C53E}
	EndProjectSection
EndProject
Project("{8BC9CEB8-8B4A-11D0-8D11-00A0C91BC942}") = "FunambolAddin", "addin\FunambolAddin.vcproj", "{7816CD18-985C-499A-8B2B-C5C4F9476C42}"
	ProjectSection(ProjectDependencies) = postProject
		{D279EE74-36FB-4C4C-8F29-04947825C53E} = {D279EE74-36FB-4C4C-8F29-04947825C53E}
	EndProjectSection
EndProject
Project("{8BC9CEB8-8B4A-11D0-8D11-00A0C91BC942}") = "libfunambol", "cpp-sdk\build\win32\win32.vcproj", "{D279EE74-36FB-4C4C-8F29-04947825C53E}"
EndProject
Project("{2150E333-8FDC-42A3-9474-1A3956D46DE8}") = "Solution Items", "Solution Items", "{AF94EBD0-2604-4E4F-A203-B9325A47E25A}"
	ProjectSection(SolutionItems) = preProject
		LocalTestRun.testrunconfig = LocalTestRun.testrunconfig
		OutlookClient.vsmdi = OutlookClient.vsmdi
	EndProjectSection
EndProject
Global
	GlobalSection(SolutionConfigurationPlatforms) = preSolution
		Debug|Win32 = Debug|Win32
		Release MinDependency|Win32 = Release MinDependency|Win32
		Release MinSize|Win32 = Release MinSize|Win32
		Release|Win32 = Release|Win32
		Unicode Debug|Win32 = Unicode Debug|Win32
		Unicode Release MinDependency|Win32 = Unicode Release MinDependency|Win32
		Unicode Release MinSize|Win32 = Unicode Release MinSize|Win32
	EndGlobalSection
	GlobalSection(ProjectConfigurationPlatforms) = postSolution
		{5DC153AB-2BD2-4D12-A3C4-4C7578919237}.Debug|Win32.ActiveCfg = Debug|Win32
		{5DC153AB-2BD2-4D12-A3C4-4C7578919237}.Debug|Win32.Build.0 = Debug|Win32
		{5DC153AB-2BD2-4D12-A3C4-4C7578919237}.Release MinDependency|Win32.ActiveCfg = Release|Win32
		{5DC153AB-2BD2-4D12-A3C4-4C7578919237}.Release MinDependency|Win32.Build.0 = Release|Win32
		{5DC153AB-2BD2-4D12-A3C4-4C7578919237}.Release MinSize|Win32.ActiveCfg = Release|Win32
		{5DC153AB-2BD2-4D12-A3C4-4C7578919237}.Release MinSize|Win32.Build.0 = Release|Win32
		{5DC153AB-2BD2-4D12-A3C4-4C7578919237}.Release|Win32.ActiveCfg = Release|Win32
		{5DC153AB-2BD2-4D12-A3C4-4C7578919237}.Release|Win32.Build.0 = Release|Win32
		{5DC153AB-2BD2-4D12-A3C4-4C7578919237}.Unicode Debug|Win32.ActiveCfg = Debug|Win32
		{5DC153AB-2BD2-4D12-A3C4-4C7578919237}.Unicode Debug|Win32.Build.0 = Debug|Win32
		{5DC153AB-2BD2-4D12-A3C4-4C7578919237}.Unicode Release MinDependency|Win32.ActiveCfg = Release|Win32
		{5DC153AB-2BD2-4D12-A3C4-4C7578919237}.Unicode Release MinDependency|Win32.Build.0 = Release|Win32
		{5DC153AB-2BD2-4D12-A3C4-4C7578919237}.Unicode Release MinSize|Win32.ActiveCfg = Release|Win32
		{5DC153AB-2BD2-4D12-A3C4-4C7578919237}.Unicode Release MinSize|Win32.Build.0 = Release|Win32
		{7459AF2F-7B82-4153-B9E1-E4A71DC61821}.Debug|Win32.ActiveCfg = Debug|Win32
		{7459AF2F-7B82-4153-B9E1-E4A71DC61821}.Debug|Win32.Build.0 = Debug|Win32
		{7459AF2F-7B82-4153-B9E1-E4A71DC61821}.Release MinDependency|Win32.ActiveCfg = Release|Win32
		{7459AF2F-7B82-4153-B9E1-E4A71DC61821}.Release MinDependency|Win32.Build.0 = Release|Win32
		{7459AF2F-7B82-4153-B9E1-E4A71DC61821}.Release MinSize|Win32.ActiveCfg = Release|Win32
		{7459AF2F-7B82-4153-B9E1-E4A71DC61821}.Release MinSize|Win32.Build.0 = Release|Win32
		{7459AF2F-7B82-4153-B9E1-E4A71DC61821}.Release|Win32.ActiveCfg = Release|Win32
		{7459AF2F-7B82-4153-B9E1-E4A71DC61821}.Release|Win32.Build.0 = Release|Win32
		{7459AF2F-7B82-4153-B9E1-E4A71DC61821}.Unicode Debug|Win32.ActiveCfg = Debug|Win32
		{7459AF2F-7B82-4153-B9E1-E4A71DC61821}.Unicode Debug|Win32.Build.0 = Debug|Win32
		{7459AF2F-7B82-4153-B9E1-E4A71DC61821}.Unicode Release MinDependency|Win32.ActiveCfg = Release|Win32
		{7459AF2F-7B82-4153-B9E1-E4A71DC61821}.Unicode Release MinDependency|Win32.Build.0 = Release|Win32
		{7459AF2F-7B82-4153-B9E1-E4A71DC61821}.Unicode Release MinSize|Win32.ActiveCfg = Release|Win32
		{7459AF2F-7B82-4153-B9E1-E4A71DC61821}.Unicode Release MinSize|Win32.Build.0 = Release|Win32
		{7816CD18-985C-499A-8B2B-C5C4F9476C42}.Debug|Win32.ActiveCfg = Debug|Win32
		{7816CD18-985C-499A-8B2B-C5C4F9476C42}.Debug|Win32.Build.0 = Debug|Win32
		{7816CD18-985C-499A-8B2B-C5C4F9476C42}.Release MinDependency|Win32.ActiveCfg = Release MinDependency|Win32
		{7816CD18-985C-499A-8B2B-C5C4F9476C42}.Release MinDependency|Win32.Build.0 = Release MinDependency|Win32
		{7816CD18-985C-499A-8B2B-C5C4F9476C42}.Release MinSize|Win32.ActiveCfg = Release MinSize|Win32
		{7816CD18-985C-499A-8B2B-C5C4F9476C42}.Release MinSize|Win32.Build.0 = Release MinSize|Win32
		{7816CD18-985C-499A-8B2B-C5C4F9476C42}.Release|Win32.ActiveCfg = Release MinDependency|Win32
		{7816CD18-985C-499A-8B2B-C5C4F9476C42}.Release|Win32.Build.0 = Release MinDependency|Win32
		{7816CD18-985C-499A-8B2B-C5C4F9476C42}.Unicode Debug|Win32.ActiveCfg = Unicode Debug|Win32
		{7816CD18-985C-499A-8B2B-C5C4F9476C42}.Unicode Debug|Win32.Build.0 = Unicode Debug|Win32
		{7816CD18-985C-499A-8B2B-C5C4F9476C42}.Unicode Release MinDependency|Win32.ActiveCfg = Unicode Release MinDependency|Win32
		{7816CD18-985C-499A-8B2B-C5C4F9476C42}.Unicode Release MinDependency|Win32.Build.0 = Unicode Release MinDependency|Win32
		{7816CD18-985C-499A-8B2B-C5C4F9476C42}.Unicode Release MinSize|Win32.ActiveCfg = Unicode Release MinSize|Win32
		{7816CD18-985C-499A-8B2B-C5C4F9476C42}.Unicode Release MinSize|Win32.Build.0 = Unicode Release MinSize|Win32
		{D279EE74-36FB-4C4C-8F29-04947825C53E}.Debug|Win32.ActiveCfg = Debug|Win32
		{D279EE74-36FB-4C4C-8F29-04947825C53E}.Debug|Win32.Build.0 = Debug|Win32
		{D279EE74-36FB-4C4C-8F29-04947825C53E}.Release MinDependency|Win32.ActiveCfg = Release|Win32
		{D279EE74-36FB-4C4C-8F29-04947825C53E}.Release MinDependency|Win32.Build.0 = Release|Win32
		{D279EE74-36FB-4C4C-8F29-04947825C53E}.Release MinSize|Win32.ActiveCfg = Release|Win32
		{D279EE74-36FB-4C4C-8F29-04947825C53E}.Release MinSize|Win32.Build.0 = Release|Win32
		{D279EE74-36FB-4C4C-8F29-04947825C53E}.Release|Win32.ActiveCfg = Release|Win32
		{D279EE74-36FB-4C4C-8F29-04947825C53E}.Release|Win32.Build.0 = Release|Win32
		{D279EE74-36FB-4C4C-8F29-04947825C53E}.Unicode Debug|Win32.ActiveCfg = Debug|Win32
		{D279EE74-36FB-4C4C-8F29-04947825C53E}.Unicode Debug|Win32.Build.0 = Debug|Win32
		{D279EE74-36FB-4C4C-8F29-04947825C53E}.Unicode Release MinDependency|Win32.ActiveCfg = Release|Win32
		{D279EE74-36FB-4C4C-8F29-04947825C53E}.Unicode Release MinDependency|Win32.Build.0 = Release|Win32
		{D279EE74-36FB-4C4C-8F29-04947825C53E}.Unicode Release MinSize|Win32.ActiveCfg = Release|Win32
		{D279EE74-36FB-4C4C-8F29-04947825C53E}.Unicode Release MinSize|Win32.Build.0 = Release|Win32
	EndGlobalSection
	GlobalSection(SolutionProperties) = preSolution
		HideSolutionNode = FALSE
	EndGlobalSection
EndGlobal
