Microsoft Visual Studio Solution File, Format Version 9.00
# Visual Studio 2005
Project("{8BC9CEB8-8B4A-11D0-8D11-00A0C91BC942}") = "FunambolAddin", "FunambolAddin.vcproj", "{7816CD18-985C-499A-8B2B-C5C4F9476C42}"
	ProjectSection(ProjectDependencies) = postProject
		{D279EE74-36FB-4C4C-8F29-04947825C53E} = {D279EE74-36FB-4C4C-8F29-04947825C53E}
	EndProjectSection
EndProject
Project("{8BC9CEB8-8B4A-11D0-8D11-00A0C91BC942}") = "libfunambol", "..\cpp-sdk\build\win32\win32.vcproj", "{D279EE74-36FB-4C4C-8F29-04947825C53E}"
EndProject
Global
	GlobalSection(SolutionConfigurationPlatforms) = preSolution
		Debug|Win32 = Debug|Win32
		Release MinDependency|Win32 = Release MinDependency|Win32
		Release|Win32 = Release|Win32
	EndGlobalSection
	GlobalSection(ProjectConfigurationPlatforms) = postSolution
		{7816CD18-985C-499A-8B2B-C5C4F9476C42}.Debug|Win32.ActiveCfg = Debug|Win32
		{7816CD18-985C-499A-8B2B-C5C4F9476C42}.Debug|Win32.Build.0 = Debug|Win32
		{7816CD18-985C-499A-8B2B-C5C4F9476C42}.Release MinDependency|Win32.ActiveCfg = Release MinDependency|Win32
		{7816CD18-985C-499A-8B2B-C5C4F9476C42}.Release MinDependency|Win32.Build.0 = Release MinDependency|Win32
		{7816CD18-985C-499A-8B2B-C5C4F9476C42}.Release|Win32.ActiveCfg = Release MinDependency|Win32
		{7816CD18-985C-499A-8B2B-C5C4F9476C42}.Release|Win32.Build.0 = Release MinDependency|Win32
		{D279EE74-36FB-4C4C-8F29-04947825C53E}.Debug|Win32.ActiveCfg = Debug|Win32
		{D279EE74-36FB-4C4C-8F29-04947825C53E}.Debug|Win32.Build.0 = Debug|Win32
		{D279EE74-36FB-4C4C-8F29-04947825C53E}.Release MinDependency|Win32.ActiveCfg = Release|Win32
		{D279EE74-36FB-4C4C-8F29-04947825C53E}.Release MinDependency|Win32.Build.0 = Release|Win32
		{D279EE74-36FB-4C4C-8F29-04947825C53E}.Release|Win32.ActiveCfg = Release|Win32
		{D279EE74-36FB-4C4C-8F29-04947825C53E}.Release|Win32.Build.0 = Release|Win32
	EndGlobalSection
	GlobalSection(SolutionProperties) = preSolution
		HideSolutionNode = FALSE
	EndGlobalSection
EndGlobal
